
Microsoft Visual Studio Solution File, Format Version 12.00
# Visual Studio Version 18
VisualStudioVersion = 18.2.11415.280
MinimumVisualStudioVersion = 10.0.40219.1
Project("{FAE04EC0-301F-11D3-BF4B-00C04F79EFBC}") = "CompSoftwareMastery", "CompSoftwareMastery.csproj", "{F88CE598-C2C3-49DB-973E-EDCAE6FC0042}"
EndProject
Project("{54435603-DBB4-11D2-8724-00A0C9A8B90C}") = "CompSoftwareWizard", "CompSoftwareWizard\CompSoftwareWizard.vdproj", "{E50A3B8D-A70F-4C5C-AFF8-A83949FE51CA}"
EndProject
Global
	GlobalSection(SolutionConfigurationPlatforms) = preSolution
		Debug|Any CPU = Debug|Any CPU
		Debug|x86 = Debug|x86
		Release|Any CPU = Release|Any CPU
		Release|x86 = Release|x86
	EndGlobalSection
	GlobalSection(ProjectConfigurationPlatforms) = postSolution
		{F88CE598-C2C3-49DB-973E-EDCAE6FC0042}.Debug|Any CPU.ActiveCfg = Debug|Any CPU
		{F88CE598-C2C3-49DB-973E-EDCAE6FC0042}.Debug|Any CPU.Build.0 = Debug|Any CPU
		{F88CE598-C2C3-49DB-973E-EDCAE6FC0042}.Debug|x86.ActiveCfg = Debug|Any CPU
		{F88CE598-C2C3-49DB-973E-EDCAE6FC0042}.Debug|x86.Build.0 = Debug|Any CPU
		{F88CE598-C2C3-49DB-973E-EDCAE6FC0042}.Release|Any CPU.ActiveCfg = Release|Any CPU
		{F88CE598-C2C3-49DB-973E-EDCAE6FC0042}.Release|Any CPU.Build.0 = Release|Any CPU
		{F88CE598-C2C3-49DB-973E-EDCAE6FC0042}.Release|x86.ActiveCfg = Release|Any CPU
		{F88CE598-C2C3-49DB-973E-EDCAE6FC0042}.Release|x86.Build.0 = Release|Any CPU
		{E50A3B8D-A70F-4C5C-AFF8-A83949FE51CA}.Debug|Any CPU.ActiveCfg = Debug
		{E50A3B8D-A70F-4C5C-AFF8-A83949FE51CA}.Debug|x86.ActiveCfg = Debug
		{E50A3B8D-A70F-4C5C-AFF8-A83949FE51CA}.Debug|x86.Build.0 = Debug
		{E50A3B8D-A70F-4C5C-AFF8-A83949FE51CA}.Release|Any CPU.ActiveCfg = Release
		{E50A3B8D-A70F-4C5C-AFF8-A83949FE51CA}.Release|x86.ActiveCfg = Release
		{E50A3B8D-A70F-4C5C-AFF8-A83949FE51CA}.Release|x86.Build.0 = Release
	EndGlobalSection
	GlobalSection(SolutionProperties) = preSolution
		HideSolutionNode = FALSE
	EndGlobalSection
	GlobalSection(ExtensibilityGlobals) = postSolution
		SolutionGuid = {95637611-4022-44B5-8C8E-CE89DCD13B7B}
	EndGlobalSection
EndGlobal
